
Microsoft Visual Studio Solution File, Format Version 12.00
# Visual Studio Version 16
VisualStudioVersion = 16.0.30907.101
MinimumVisualStudioVersion = 10.0.40219.1
Project("{888888A0-9F3D-457C-B088-3A5042F75D52}") = "Project 1_3B", "Project 1_3B\Project 1_3B.pyproj", "{6CA7C1CC-BAE6-448C-9C44-45277111BFFE}"
EndProject
Global
	GlobalSection(SolutionConfigurationPlatforms) = preSolution
		Debug|Any CPU = Debug|Any CPU
		Release|Any CPU = Release|Any CPU
	EndGlobalSection
	GlobalSection(ProjectConfigurationPlatforms) = postSolution
		{6CA7C1CC-BAE6-448C-9C44-45277111BFFE}.Debug|Any CPU.ActiveCfg = Debug|Any CPU
		{6CA7C1CC-BAE6-448C-9C44-45277111BFFE}.Release|Any CPU.ActiveCfg = Release|Any CPU
	EndGlobalSection
	GlobalSection(SolutionProperties) = preSolution
		HideSolutionNode = FALSE
	EndGlobalSection
	GlobalSection(ExtensibilityGlobals) = postSolution
		SolutionGuid = {D003CE2F-A477-464D-B656-BBE8112403B4}
	EndGlobalSection
EndGlobal
