
Microsoft Visual Studio Solution File, Format Version 12.00
# Visual Studio Version 16
VisualStudioVersion = 16.0.30907.101
MinimumVisualStudioVersion = 10.0.40219.1
Project("{888888A0-9F3D-457C-B088-3A5042F75D52}") = "Final_Task_OOP", "Final_Task_OOP\Final_Task_OOP.pyproj", "{D8363C70-6052-4E37-91BE-C6C434406E61}"
EndProject
Global
	GlobalSection(SolutionConfigurationPlatforms) = preSolution
		Debug|Any CPU = Debug|Any CPU
		Release|Any CPU = Release|Any CPU
	EndGlobalSection
	GlobalSection(ProjectConfigurationPlatforms) = postSolution
		{D8363C70-6052-4E37-91BE-C6C434406E61}.Debug|Any CPU.ActiveCfg = Debug|Any CPU
		{D8363C70-6052-4E37-91BE-C6C434406E61}.Release|Any CPU.ActiveCfg = Release|Any CPU
	EndGlobalSection
	GlobalSection(SolutionProperties) = preSolution
		HideSolutionNode = FALSE
	EndGlobalSection
	GlobalSection(ExtensibilityGlobals) = postSolution
		SolutionGuid = {890C3B13-13DA-4FB1-96AC-C0481871C754}
	EndGlobalSection
EndGlobal
